<?xml version="1.0" encoding="utf-8"?>
<Project ToolsVersion="4.0" xmlns="http://schemas.microsoft.com/developer/msbuild/2003">
  <ItemGroup>
    <ClInclude Include="framework.h">
      <Filter>Default</Filter>
    </ClInclude>
    <ClInclude Include="pch.h">
      <Filter>Default</Filter>
    </ClInclude>
    <ClInclude Include="CScriptMgr.h">
      <Filter>ScriptMgr</Filter>
    </ClInclude>
    <ClInclude Include="CTileScript.h">
      <Filter>02. Scripts\Tile</Filter>
    </ClInclude>
    <ClInclude Include="define.h">
      <Filter>01.Define</Filter>
    </ClInclude>
    <ClInclude Include="CFieldScript.h">
      <Filter>02. Scripts\Field</Filter>
    </ClInclude>
    <ClInclude Include="CFieldObjScript.h">
      <Filter>02. Scripts\FieldObj</Filter>
    </ClInclude>
    <ClInclude Include="CStateMgr.h">
      <Filter>ScriptMgr</Filter>
    </ClInclude>
    <ClInclude Include="CPlayerCursorScript.h">
      <Filter>02. Scripts\Module\PlayerModule</Filter>
    </ClInclude>
    <ClInclude Include="CShaffronBullet.h">
      <Filter>02. Scripts\Projectile</Filter>
    </ClInclude>
    <ClInclude Include="CMagic.h">
      <Filter>03. Magic</Filter>
    </ClInclude>
    <ClInclude Include="FrostBoltMagic.h">
      <Filter>03. Magic\FrostBolt</Filter>
    </ClInclude>
    <ClInclude Include="CSniperIdleState.h">
      <Filter>08. States\SniperState</Filter>
    </ClInclude>
    <ClInclude Include="CSniperScript.h">
      <Filter>02. Scripts\Monster</Filter>
    </ClInclude>
    <ClInclude Include="CSniperMoveState.h">
      <Filter>08. States\SniperState</Filter>
    </ClInclude>
    <ClInclude Include="CSniperAttackState.h">
      <Filter>08. States\SniperState</Filter>
    </ClInclude>
    <ClInclude Include="CSniperProj.h">
      <Filter>02. Scripts\Projectile</Filter>
    </ClInclude>
    <ClInclude Include="CProjectileScript.h">
      <Filter>02. Scripts\Projectile</Filter>
    </ClInclude>
    <ClInclude Include="CPlayerIdleState.h">
      <Filter>08. States\PlayerState</Filter>
    </ClInclude>
    <ClInclude Include="CPlayerEntryState.h">
      <Filter>08. States\PlayerState</Filter>
    </ClInclude>
    <ClInclude Include="CPlayerMoveState.h">
      <Filter>08. States\PlayerState</Filter>
    </ClInclude>
    <ClInclude Include="CBackgroundScript.h">
      <Filter>02. Scripts\Default</Filter>
    </ClInclude>
    <ClInclude Include="CMissileScript.h">
      <Filter>02. Scripts\Default</Filter>
    </ClInclude>
    <ClInclude Include="CMonsterScript.h">
      <Filter>02. Scripts\Default</Filter>
    </ClInclude>
    <ClInclude Include="CPlayerScript.h">
      <Filter>02. Scripts\Default</Filter>
    </ClInclude>
    <ClInclude Include="CAnimatorModule.h">
      <Filter>02. Scripts\Module</Filter>
    </ClInclude>
    <ClInclude Include="CPlayerBulletAnim.h">
      <Filter>02. Scripts\Module\PlayerModule</Filter>
    </ClInclude>
    <ClInclude Include="CPlayerSpawnAnim.h">
      <Filter>02. Scripts\Module\PlayerModule</Filter>
    </ClInclude>
    <ClInclude Include="CFrostBolt.h">
      <Filter>02. Scripts\Magic</Filter>
    </ClInclude>
  </ItemGroup>
  <ItemGroup>
    <ClCompile Include="pch.cpp">
      <Filter>Default</Filter>
    </ClCompile>
    <ClCompile Include="Scripts.cpp">
      <Filter>Default</Filter>
    </ClCompile>
    <ClCompile Include="CScriptMgr.cpp">
      <Filter>ScriptMgr</Filter>
    </ClCompile>
    <ClCompile Include="CTileScript.cpp">
      <Filter>02. Scripts\Tile</Filter>
    </ClCompile>
    <ClCompile Include="CFieldScript.cpp">
      <Filter>02. Scripts\Field</Filter>
    </ClCompile>
    <ClCompile Include="CFieldObjScript.cpp">
      <Filter>02. Scripts\FieldObj</Filter>
    </ClCompile>
    <ClCompile Include="CStateMgr.cpp">
      <Filter>ScriptMgr</Filter>
    </ClCompile>
    <ClCompile Include="CPlayerCursorScript.cpp">
      <Filter>02. Scripts\Module\PlayerModule</Filter>
    </ClCompile>
    <ClCompile Include="CShaffronBullet.cpp">
      <Filter>02. Scripts\Projectile</Filter>
    </ClCompile>
    <ClCompile Include="CMagic.cpp">
      <Filter>03. Magic</Filter>
    </ClCompile>
    <ClCompile Include="FrostBoltMagic.cpp">
      <Filter>03. Magic\FrostBolt</Filter>
    </ClCompile>
    <ClCompile Include="CSniperIdleState.cpp">
      <Filter>08. States\SniperState</Filter>
    </ClCompile>
    <ClCompile Include="CSniperScript.cpp">
      <Filter>02. Scripts\Monster</Filter>
    </ClCompile>
    <ClCompile Include="CSniperMoveState.cpp">
      <Filter>08. States\SniperState</Filter>
    </ClCompile>
    <ClCompile Include="CSniperAttackState.cpp">
      <Filter>08. States\SniperState</Filter>
    </ClCompile>
    <ClCompile Include="CSniperProj.cpp">
      <Filter>02. Scripts\Projectile</Filter>
    </ClCompile>
    <ClCompile Include="CProjectileScript.cpp">
      <Filter>02. Scripts\Projectile</Filter>
    </ClCompile>
    <ClCompile Include="CPlayerIdleState.cpp">
      <Filter>08. States\PlayerState</Filter>
    </ClCompile>
    <ClCompile Include="CPlayerEntryState.cpp">
      <Filter>08. States\PlayerState</Filter>
    </ClCompile>
    <ClCompile Include="CPlayerMoveState.cpp">
      <Filter>08. States\PlayerState</Filter>
    </ClCompile>
    <ClCompile Include="CBackgroundScript.cpp">
      <Filter>02. Scripts\Default</Filter>
    </ClCompile>
    <ClCompile Include="CMissileScript.cpp">
      <Filter>02. Scripts\Default</Filter>
    </ClCompile>
    <ClCompile Include="CMonsterScript.cpp">
      <Filter>02. Scripts\Default</Filter>
    </ClCompile>
    <ClCompile Include="CPlayerScript.cpp">
      <Filter>02. Scripts\Default</Filter>
    </ClCompile>
    <ClCompile Include="CAnimatorModule.cpp">
      <Filter>02. Scripts\Module</Filter>
    </ClCompile>
    <ClCompile Include="CPlayerBulletAnim.cpp">
      <Filter>02. Scripts\Module\PlayerModule</Filter>
    </ClCompile>
    <ClCompile Include="CPlayerSpawnAnim.cpp">
      <Filter>02. Scripts\Module\PlayerModule</Filter>
    </ClCompile>
    <ClCompile Include="CFrostBolt.cpp">
      <Filter>02. Scripts\Magic</Filter>
    </ClCompile>
  </ItemGroup>
  <ItemGroup>
    <Filter Include="Default">
      <UniqueIdentifier>{4f2f6642-c0f0-494a-9d81-0124398fdb95}</UniqueIdentifier>
    </Filter>
    <Filter Include="02. Scripts">
      <UniqueIdentifier>{af5c3808-4d30-476b-b2ab-d844558017d2}</UniqueIdentifier>
    </Filter>
    <Filter Include="02. Scripts\Tile">
      <UniqueIdentifier>{04df237e-a970-46b6-8926-228d23b0b689}</UniqueIdentifier>
    </Filter>
    <Filter Include="01.Define">
      <UniqueIdentifier>{5ee0f412-064e-402a-9434-be7f6fd05333}</UniqueIdentifier>
    </Filter>
    <Filter Include="02. Scripts\Field">
      <UniqueIdentifier>{a4d1a0c2-dd2b-400c-a2e4-08928c3f2953}</UniqueIdentifier>
    </Filter>
    <Filter Include="02. Scripts\FieldObj">
      <UniqueIdentifier>{9c1b643a-913d-4331-a5d8-3d7cf246dd37}</UniqueIdentifier>
    </Filter>
    <Filter Include="02. Scripts\Projectile">
      <UniqueIdentifier>{937e56aa-d228-4938-b781-ced8e5becfea}</UniqueIdentifier>
    </Filter>
    <Filter Include="ScriptMgr">
      <UniqueIdentifier>{b42de7fc-e585-40cf-9c65-79e91e2b59d4}</UniqueIdentifier>
    </Filter>
    <Filter Include="08. States">
      <UniqueIdentifier>{6cb957da-fd9a-456f-ad00-45ea75aaa3fe}</UniqueIdentifier>
    </Filter>
    <Filter Include="02. Scripts\Magic">
      <UniqueIdentifier>{0c60bb3d-9562-402e-8cb5-c79f9811179a}</UniqueIdentifier>
    </Filter>
    <Filter Include="03. Magic">
      <UniqueIdentifier>{93861677-149a-4676-9852-430f80279d0f}</UniqueIdentifier>
    </Filter>
    <Filter Include="08. States\SniperState">
      <UniqueIdentifier>{2925800b-ec60-407c-94ef-be1551a7046c}</UniqueIdentifier>
    </Filter>
    <Filter Include="03. Magic\FrostBolt">
      <UniqueIdentifier>{261289bf-0472-413e-b526-34588bb3aff0}</UniqueIdentifier>
    </Filter>
    <Filter Include="02. Scripts\Monster">
      <UniqueIdentifier>{a4d3ba83-08b1-4bc9-a226-045628f6e156}</UniqueIdentifier>
    </Filter>
    <Filter Include="08. States\PlayerState">
      <UniqueIdentifier>{cdcc246b-d414-43d0-86ec-ef2a7d30bbc3}</UniqueIdentifier>
    </Filter>
    <Filter Include="02. Scripts\Default">
      <UniqueIdentifier>{3d376934-94e9-410a-9211-06ee9fdf1668}</UniqueIdentifier>
    </Filter>
    <Filter Include="02. Scripts\Module">
      <UniqueIdentifier>{431b2b1d-576b-4586-9a9e-1768e6257d4c}</UniqueIdentifier>
    </Filter>
    <Filter Include="02. Scripts\Module\PlayerModule">
      <UniqueIdentifier>{14c98dc5-cbef-401b-b224-a357f9d5d0af}</UniqueIdentifier>
    </Filter>
  </ItemGroup>
</Project>